// !$*UTF8*$!
{
	archiveVersion = 1;
	classes = {
	};
	objectVersion = 55;
	objects = {

/* Begin PBXBuildFile section */
		A35FB12E28130255009A8FC7 /* Refeicao.swift in Sources */ = {isa = PBXBuildFile; fileRef = A35FB12D28130255009A8FC7 /* Refeicao.swift */; };
		A35FB1302813030C009A8FC7 /* Item.swift in Sources */ = {isa = PBXBuildFile; fileRef = A35FB12F2813030C009A8FC7 /* Item.swift */; };
		A36F9F7F2836B9D200C715F6 /* AdicionarItensViewController.swift in Sources */ = {isa = PBXBuildFile; fileRef = A36F9F7D2836B9D200C715F6 /* AdicionarItensViewController.swift */; };
		A36F9F802836B9D200C715F6 /* AdicionarItensViewController.xib in Resources */ = {isa = PBXBuildFile; fileRef = A36F9F7E2836B9D200C715F6 /* AdicionarItensViewController.xib */; };
		A370D547280BBDC800EDAEFE /* AppDelegate.swift in Sources */ = {isa = PBXBuildFile; fileRef = A370D546280BBDC800EDAEFE /* AppDelegate.swift */; };
		A370D549280BBDC800EDAEFE /* SceneDelegate.swift in Sources */ = {isa = PBXBuildFile; fileRef = A370D548280BBDC800EDAEFE /* SceneDelegate.swift */; };
		A370D54B280BBDC800EDAEFE /* ViewController.swift in Sources */ = {isa = PBXBuildFile; fileRef = A370D54A280BBDC800EDAEFE /* ViewController.swift */; };
		A370D54E280BBDC800EDAEFE /* Main.storyboard in Resources */ = {isa = PBXBuildFile; fileRef = A370D54C280BBDC800EDAEFE /* Main.storyboard */; };
		A370D550280BBDC900EDAEFE /* Assets.xcassets in Resources */ = {isa = PBXBuildFile; fileRef = A370D54F280BBDC900EDAEFE /* Assets.xcassets */; };
		A370D553280BBDC900EDAEFE /* LaunchScreen.storyboard in Resources */ = {isa = PBXBuildFile; fileRef = A370D551280BBDC900EDAEFE /* LaunchScreen.storyboard */; };
		A3BC6320282D585600DEF165 /* RefeicoesTableViewController.swift in Sources */ = {isa = PBXBuildFile; fileRef = A3BC631F282D585600DEF165 /* RefeicoesTableViewController.swift */; };
/* End PBXBuildFile section */

/* Begin PBXFileReference section */
		A35FB12C2812C3B8009A8FC7 /* MyPlaygroundClasseOptional.playground */ = {isa = PBXFileReference; lastKnownFileType = file.playground; path = MyPlaygroundClasseOptional.playground; sourceTree = "<group>"; xcLanguageSpecificationIdentifier = xcode.lang.swift; };
		A35FB12D28130255009A8FC7 /* Refeicao.swift */ = {isa = PBXFileReference; lastKnownFileType = sourcecode.swift; path = Refeicao.swift; sourceTree = "<group>"; };
		A35FB12F2813030C009A8FC7 /* Item.swift */ = {isa = PBXFileReference; lastKnownFileType = sourcecode.swift; path = Item.swift; sourceTree = "<group>"; };
		A36F9F7D2836B9D200C715F6 /* AdicionarItensViewController.swift */ = {isa = PBXFileReference; lastKnownFileType = sourcecode.swift; path = AdicionarItensViewController.swift; sourceTree = "<group>"; };
		A36F9F7E2836B9D200C715F6 /* AdicionarItensViewController.xib */ = {isa = PBXFileReference; lastKnownFileType = file.xib; path = AdicionarItensViewController.xib; sourceTree = "<group>"; };
		A370D543280BBDC800EDAEFE /* eggplant-brownie.app */ = {isa = PBXFileReference; explicitFileType = wrapper.application; includeInIndex = 0; path = "eggplant-brownie.app"; sourceTree = BUILT_PRODUCTS_DIR; };
		A370D546280BBDC800EDAEFE /* AppDelegate.swift */ = {isa = PBXFileReference; lastKnownFileType = sourcecode.swift; path = AppDelegate.swift; sourceTree = "<group>"; };
		A370D548280BBDC800EDAEFE /* SceneDelegate.swift */ = {isa = PBXFileReference; lastKnownFileType = sourcecode.swift; path = SceneDelegate.swift; sourceTree = "<group>"; };
		A370D54A280BBDC800EDAEFE /* ViewController.swift */ = {isa = PBXFileReference; lastKnownFileType = sourcecode.swift; path = ViewController.swift; sourceTree = "<group>"; };
		A370D54D280BBDC800EDAEFE /* Base */ = {isa = PBXFileReference; lastKnownFileType = file.storyboard; name = Base; path = Base.lproj/Main.storyboard; sourceTree = "<group>"; };
		A370D54F280BBDC900EDAEFE /* Assets.xcassets */ = {isa = PBXFileReference; lastKnownFileType = folder.assetcatalog; path = Assets.xcassets; sourceTree = "<group>"; };
		A370D552280BBDC900EDAEFE /* Base */ = {isa = PBXFileReference; lastKnownFileType = file.storyboard; name = Base; path = Base.lproj/LaunchScreen.storyboard; sourceTree = "<group>"; };
		A370D554280BBDC900EDAEFE /* Info.plist */ = {isa = PBXFileReference; lastKnownFileType = text.plist.xml; path = Info.plist; sourceTree = "<group>"; };
		A370D55A280ED00600EDAEFE /* MyPlayground.playground */ = {isa = PBXFileReference; lastKnownFileType = file.playground; path = MyPlayground.playground; sourceTree = "<group>"; xcLanguageSpecificationIdentifier = xcode.lang.swift; };
		A370D55B2811942F00EDAEFE /* MyPlayground2.playground */ = {isa = PBXFileReference; lastKnownFileType = file.playground; path = MyPlayground2.playground; sourceTree = "<group>"; xcLanguageSpecificationIdentifier = xcode.lang.swift; };
		A370D55C281197E600EDAEFE /* MyPlaygroundArrayEFunc.playground */ = {isa = PBXFileReference; lastKnownFileType = file.playground; path = MyPlaygroundArrayEFunc.playground; sourceTree = "<group>"; xcLanguageSpecificationIdentifier = xcode.lang.swift; };
		A370D55D28119AED00EDAEFE /* MyPlaygroundTela.playground */ = {isa = PBXFileReference; lastKnownFileType = file.playground; path = MyPlaygroundTela.playground; sourceTree = "<group>"; xcLanguageSpecificationIdentifier = xcode.lang.swift; };
		A3BC631F282D585600DEF165 /* RefeicoesTableViewController.swift */ = {isa = PBXFileReference; lastKnownFileType = sourcecode.swift; path = RefeicoesTableViewController.swift; sourceTree = "<group>"; };
/* End PBXFileReference section */

/* Begin PBXFrameworksBuildPhase section */
		A370D540280BBDC800EDAEFE /* Frameworks */ = {
			isa = PBXFrameworksBuildPhase;
			buildActionMask = 2147483647;
			files = (
			);
			runOnlyForDeploymentPostprocessing = 0;
		};
/* End PBXFrameworksBuildPhase section */

/* Begin PBXGroup section */
		A35FB131281303B1009A8FC7 /* Models */ = {
			isa = PBXGroup;
			children = (
				A35FB12D28130255009A8FC7 /* Refeicao.swift */,
				A35FB12F2813030C009A8FC7 /* Item.swift */,
			);
			path = Models;
			sourceTree = "<group>";
		};
		A35FB132281303F7009A8FC7 /* Controllers */ = {
			isa = PBXGroup;
			children = (
				A370D54A280BBDC800EDAEFE /* ViewController.swift */,
				A3BC631F282D585600DEF165 /* RefeicoesTableViewController.swift */,
				A36F9F7D2836B9D200C715F6 /* AdicionarItensViewController.swift */,
			);
			path = Controllers;
			sourceTree = "<group>";
		};
		A35FB13328130408009A8FC7 /* Views */ = {
			isa = PBXGroup;
			children = (
				A370D54C280BBDC800EDAEFE /* Main.storyboard */,
				A36F9F7E2836B9D200C715F6 /* AdicionarItensViewController.xib */,
			);
			path = Views;
			sourceTree = "<group>";
		};
		A35FB1342813042E009A8FC7 /* PlayGrounds */ = {
			isa = PBXGroup;
			children = (
				A35FB12C2812C3B8009A8FC7 /* MyPlaygroundClasseOptional.playground */,
				A370D55D28119AED00EDAEFE /* MyPlaygroundTela.playground */,
				A370D55C281197E600EDAEFE /* MyPlaygroundArrayEFunc.playground */,
				A370D55B2811942F00EDAEFE /* MyPlayground2.playground */,
				A370D55A280ED00600EDAEFE /* MyPlayground.playground */,
			);
			path = PlayGrounds;
			sourceTree = "<group>";
		};
		A370D53A280BBDC800EDAEFE = {
			isa = PBXGroup;
			children = (
				A370D545280BBDC800EDAEFE /* eggplant-brownie */,
				A370D544280BBDC800EDAEFE /* Products */,
			);
			sourceTree = "<group>";
		};
		A370D544280BBDC800EDAEFE /* Products */ = {
			isa = PBXGroup;
			children = (
				A370D543280BBDC800EDAEFE /* eggplant-brownie.app */,
			);
			name = Products;
			sourceTree = "<group>";
		};
		A370D545280BBDC800EDAEFE /* eggplant-brownie */ = {
			isa = PBXGroup;
			children = (
				A370D546280BBDC800EDAEFE /* AppDelegate.swift */,
				A370D548280BBDC800EDAEFE /* SceneDelegate.swift */,
				A370D551280BBDC900EDAEFE /* LaunchScreen.storyboard */,
				A35FB131281303B1009A8FC7 /* Models */,
				A35FB13328130408009A8FC7 /* Views */,
				A35FB132281303F7009A8FC7 /* Controllers */,
				A370D54F280BBDC900EDAEFE /* Assets.xcassets */,
				A370D554280BBDC900EDAEFE /* Info.plist */,
				A35FB1342813042E009A8FC7 /* PlayGrounds */,
			);
			path = "eggplant-brownie";
			sourceTree = "<group>";
		};
/* End PBXGroup section */

/* Begin PBXNativeTarget section */
		A370D542280BBDC800EDAEFE /* eggplant-brownie */ = {
			isa = PBXNativeTarget;
			buildConfigurationList = A370D557280BBDC900EDAEFE /* Build configuration list for PBXNativeTarget "eggplant-brownie" */;
			buildPhases = (
				A370D53F280BBDC800EDAEFE /* Sources */,
				A370D540280BBDC800EDAEFE /* Frameworks */,
				A370D541280BBDC800EDAEFE /* Resources */,
			);
			buildRules = (
			);
			dependencies = (
			);
			name = "eggplant-brownie";
			productName = "eggplant-brownie";
			productReference = A370D543280BBDC800EDAEFE /* eggplant-brownie.app */;
			productType = "com.apple.product-type.application";
		};
/* End PBXNativeTarget section */

/* Begin PBXProject section */
		A370D53B280BBDC800EDAEFE /* Project object */ = {
			isa = PBXProject;
			attributes = {
				BuildIndependentTargetsInParallel = 1;
				LastSwiftUpdateCheck = 1330;
				LastUpgradeCheck = 1330;
				TargetAttributes = {
					A370D542280BBDC800EDAEFE = {
						CreatedOnToolsVersion = 13.3.1;
					};
				};
			};
			buildConfigurationList = A370D53E280BBDC800EDAEFE /* Build configuration list for PBXProject "eggplant-brownie" */;
			compatibilityVersion = "Xcode 13.0";
			developmentRegion = en;
			hasScannedForEncodings = 0;
			knownRegions = (
				en,
				Base,
			);
			mainGroup = A370D53A280BBDC800EDAEFE;
			productRefGroup = A370D544280BBDC800EDAEFE /* Products */;
			projectDirPath = "";
			projectRoot = "";
			targets = (
				A370D542280BBDC800EDAEFE /* eggplant-brownie */,
			);
		};
/* End PBXProject section */

/* Begin PBXResourcesBuildPhase section */
		A370D541280BBDC800EDAEFE /* Resources */ = {
			isa = PBXResourcesBuildPhase;
			buildActionMask = 2147483647;
			files = (
				A370D553280BBDC900EDAEFE /* LaunchScreen.storyboard in Resources */,
				A370D550280BBDC900EDAEFE /* Assets.xcassets in Resources */,
				A36F9F802836B9D200C715F6 /* AdicionarItensViewController.xib in Resources */,
				A370D54E280BBDC800EDAEFE /* Main.storyboard in Resources */,
			);
			runOnlyForDeploymentPostprocessing = 0;
		};
/* End PBXResourcesBuildPhase section */

/* Begin PBXSourcesBuildPhase section */
		A370D53F280BBDC800EDAEFE /* Sources */ = {
			isa = PBXSourcesBuildPhase;
			buildActionMask = 2147483647;
			files = (
				A35FB1302813030C009A8FC7 /* Item.swift in Sources */,
				A370D54B280BBDC800EDAEFE /* ViewController.swift in Sources */,
				A36F9F7F2836B9D200C715F6 /* AdicionarItensViewController.swift in Sources */,
				A370D547280BBDC800EDAEFE /* AppDelegate.swift in Sources */,
				A3BC6320282D585600DEF165 /* RefeicoesTableViewController.swift in Sources */,
				A370D549280BBDC800EDAEFE /* SceneDelegate.swift in Sources */,
				A35FB12E28130255009A8FC7 /* Refeicao.swift in Sources */,
			);
			runOnlyForDeploymentPostprocessing = 0;
		};
/* End PBXSourcesBuildPhase section */

/* Begin PBXVariantGroup section */
		A370D54C280BBDC800EDAEFE /* Main.storyboard */ = {
			isa = PBXVariantGroup;
			children = (
				A370D54D280BBDC800EDAEFE /* Base */,
			);
			name = Main.storyboard;
			sourceTree = "<group>";
		};
		A370D551280BBDC900EDAEFE /* LaunchScreen.storyboard */ = {
			isa = PBXVariantGroup;
			children = (
				A370D552280BBDC900EDAEFE /* Base */,
			);
			name = LaunchScreen.storyboard;
			sourceTree = "<group>";
		};
/* End PBXVariantGroup section */

/* Begin XCBuildConfiguration section */
		A370D555280BBDC900EDAEFE /* Debug */ = {
			isa = XCBuildConfiguration;
			buildSettings = {
				ALWAYS_SEARCH_USER_PATHS = NO;
				CLANG_ANALYZER_NONNULL = YES;
				CLANG_ANALYZER_NUMBER_OBJECT_CONVERSION = YES_AGGRESSIVE;
				CLANG_CXX_LANGUAGE_STANDARD = "gnu++17";
				CLANG_ENABLE_MODULES = YES;
				CLANG_ENABLE_OBJC_ARC = YES;
				CLANG_ENABLE_OBJC_WEAK = YES;
				CLANG_WARN_BLOCK_CAPTURE_AUTORELEASING = YES;
				CLANG_WARN_BOOL_CONVERSION = YES;
				CLANG_WARN_COMMA = YES;
				CLANG_WARN_CONSTANT_CONVERSION = YES;
				CLANG_WARN_DEPRECATED_OBJC_IMPLEMENTATIONS = YES;
				CLANG_WARN_DIRECT_OBJC_ISA_USAGE = YES_ERROR;
				CLANG_WARN_DOCUMENTATION_COMMENTS = YES;
				CLANG_WARN_EMPTY_BODY = YES;
				CLANG_WARN_ENUM_CONVERSION = YES;
				CLANG_WARN_INFINITE_RECURSION = YES;
				CLANG_WARN_INT_CONVERSION = YES;
				CLANG_WARN_NON_LITERAL_NULL_CONVERSION = YES;
				CLANG_WARN_OBJC_IMPLICIT_RETAIN_SELF = YES;
				CLANG_WARN_OBJC_LITERAL_CONVERSION = YES;
				CLANG_WARN_OBJC_ROOT_CLASS = YES_ERROR;
				CLANG_WARN_QUOTED_INCLUDE_IN_FRAMEWORK_HEADER = YES;
				CLANG_WARN_RANGE_LOOP_ANALYSIS = YES;
				CLANG_WARN_STRICT_PROTOTYPES = YES;
				CLANG_WARN_SUSPICIOUS_MOVE = YES;
				CLANG_WARN_UNGUARDED_AVAILABILITY = YES_AGGRESSIVE;
				CLANG_WARN_UNREACHABLE_CODE = YES;
				CLANG_WARN__DUPLICATE_METHOD_MATCH = YES;
				COPY_PHASE_STRIP = NO;
				DEBUG_INFORMATION_FORMAT = dwarf;
				ENABLE_STRICT_OBJC_MSGSEND = YES;
				ENABLE_TESTABILITY = YES;
				GCC_C_LANGUAGE_STANDARD = gnu11;
				GCC_DYNAMIC_NO_PIC = NO;
				GCC_NO_COMMON_BLOCKS = YES;
				GCC_OPTIMIZATION_LEVEL = 0;
				GCC_PREPROCESSOR_DEFINITIONS = (
					"DEBUG=1",
					"$(inherited)",
				);
				GCC_WARN_64_TO_32_BIT_CONVERSION = YES;
				GCC_WARN_ABOUT_RETURN_TYPE = YES_ERROR;
				GCC_WARN_UNDECLARED_SELECTOR = YES;
				GCC_WARN_UNINITIALIZED_AUTOS = YES_AGGRESSIVE;
				GCC_WARN_UNUSED_FUNCTION = YES;
				GCC_WARN_UNUSED_VARIABLE = YES;
				IPHONEOS_DEPLOYMENT_TARGET = 15.4;
				MTL_ENABLE_DEBUG_INFO = INCLUDE_SOURCE;
				MTL_FAST_MATH = YES;
				ONLY_ACTIVE_ARCH = YES;
				SDKROOT = iphoneos;
				SWIFT_ACTIVE_COMPILATION_CONDITIONS = DEBUG;
				SWIFT_OPTIMIZATION_LEVEL = "-Onone";
			};
			name = Debug;
		};
		A370D556280BBDC900EDAEFE /* Release */ = {
			isa = XCBuildConfiguration;
			buildSettings = {
				ALWAYS_SEARCH_USER_PATHS = NO;
				CLANG_ANALYZER_NONNULL = YES;
				CLANG_ANALYZER_NUMBER_OBJECT_CONVERSION = YES_AGGRESSIVE;
				CLANG_CXX_LANGUAGE_STANDARD = "gnu++17";
				CLANG_ENABLE_MODULES = YES;
				CLANG_ENABLE_OBJC_ARC = YES;
				CLANG_ENABLE_OBJC_WEAK = YES;
				CLANG_WARN_BLOCK_CAPTURE_AUTORELEASING = YES;
				CLANG_WARN_BOOL_CONVERSION = YES;
				CLANG_WARN_COMMA = YES;
				CLANG_WARN_CONSTANT_CONVERSION = YES;
				CLANG_WARN_DEPRECATED_OBJC_IMPLEMENTATIONS = YES;
				CLANG_WARN_DIRECT_OBJC_ISA_USAGE = YES_ERROR;
				CLANG_WARN_DOCUMENTATION_COMMENTS = YES;
				CLANG_WARN_EMPTY_BODY = YES;
				CLANG_WARN_ENUM_CONVERSION = YES;
				CLANG_WARN_INFINITE_RECURSION = YES;
				CLANG_WARN_INT_CONVERSION = YES;
				CLANG_WARN_NON_LITERAL_NULL_CONVERSION = YES;
				CLANG_WARN_OBJC_IMPLICIT_RETAIN_SELF = YES;
				CLANG_WARN_OBJC_LITERAL_CONVERSION = YES;
				CLANG_WARN_OBJC_ROOT_CLASS = YES_ERROR;
				CLANG_WARN_QUOTED_INCLUDE_IN_FRAMEWORK_HEADER = YES;
				CLANG_WARN_RANGE_LOOP_ANALYSIS = YES;
				CLANG_WARN_STRICT_PROTOTYPES = YES;
				CLANG_WARN_SUSPICIOUS_MOVE = YES;
				CLANG_WARN_UNGUARDED_AVAILABILITY = YES_AGGRESSIVE;
				CLANG_WARN_UNREACHABLE_CODE = YES;
				CLANG_WARN__DUPLICATE_METHOD_MATCH = YES;
				COPY_PHASE_STRIP = NO;
				DEBUG_INFORMATION_FORMAT = "dwarf-with-dsym";
				ENABLE_NS_ASSERTIONS = NO;
				ENABLE_STRICT_OBJC_MSGSEND = YES;
				GCC_C_LANGUAGE_STANDARD = gnu11;
				GCC_NO_COMMON_BLOCKS = YES;
				GCC_WARN_64_TO_32_BIT_CONVERSION = YES;
				GCC_WARN_ABOUT_RETURN_TYPE = YES_ERROR;
				GCC_WARN_UNDECLARED_SELECTOR = YES;
				GCC_WARN_UNINITIALIZED_AUTOS = YES_AGGRESSIVE;
				GCC_WARN_UNUSED_FUNCTION = YES;
				GCC_WARN_UNUSED_VARIABLE = YES;
				IPHONEOS_DEPLOYMENT_TARGET = 15.4;
				MTL_ENABLE_DEBUG_INFO = NO;
				MTL_FAST_MATH = YES;
				SDKROOT = iphoneos;
				SWIFT_COMPILATION_MODE = wholemodule;
				SWIFT_OPTIMIZATION_LEVEL = "-O";
				VALIDATE_PRODUCT = YES;
			};
			name = Release;
		};
		A370D558280BBDC900EDAEFE /* Debug */ = {
			isa = XCBuildConfiguration;
			buildSettings = {
				ASSETCATALOG_COMPILER_APPICON_NAME = AppIcon;
				ASSETCATALOG_COMPILER_GLOBAL_ACCENT_COLOR_NAME = AccentColor;
				CODE_SIGN_STYLE = Automatic;
				CURRENT_PROJECT_VERSION = 1;
				DEVELOPMENT_TEAM = M3B5URWMM6;
				GENERATE_INFOPLIST_FILE = YES;
				INFOPLIST_FILE = "eggplant-brownie/Info.plist";
				INFOPLIST_KEY_UIApplicationSupportsIndirectInputEvents = YES;
				INFOPLIST_KEY_UILaunchStoryboardName = LaunchScreen;
				INFOPLIST_KEY_UIMainStoryboardFile = Main;
				INFOPLIST_KEY_UISupportedInterfaceOrientations_iPad = "UIInterfaceOrientationPortrait UIInterfaceOrientationPortraitUpsideDown UIInterfaceOrientationLandscapeLeft UIInterfaceOrientationLandscapeRight";
				INFOPLIST_KEY_UISupportedInterfaceOrientations_iPhone = "UIInterfaceOrientationPortrait UIInterfaceOrientationLandscapeLeft UIInterfaceOrientationLandscapeRight";
				LD_RUNPATH_SEARCH_PATHS = (
					"$(inherited)",
					"@executable_path/Frameworks",
				);
				MARKETING_VERSION = 1.0;
				PRODUCT_BUNDLE_IDENTIFIER = "Alura.eggplant-brownie";
				PRODUCT_NAME = "$(TARGET_NAME)";
				SWIFT_EMIT_LOC_STRINGS = YES;
				SWIFT_VERSION = 5.0;
				TARGETED_DEVICE_FAMILY = "1,2";
			};
			name = Debug;
		};
		A370D559280BBDC900EDAEFE /* Release */ = {
			isa = XCBuildConfiguration;
			buildSettings = {
				ASSETCATALOG_COMPILER_APPICON_NAME = AppIcon;
				ASSETCATALOG_COMPILER_GLOBAL_ACCENT_COLOR_NAME = AccentColor;
				CODE_SIGN_STYLE = Automatic;
				CURRENT_PROJECT_VERSION = 1;
				DEVELOPMENT_TEAM = M3B5URWMM6;
				GENERATE_INFOPLIST_FILE = YES;
				INFOPLIST_FILE = "eggplant-brownie/Info.plist";
				INFOPLIST_KEY_UIApplicationSupportsIndirectInputEvents = YES;
				INFOPLIST_KEY_UILaunchStoryboardName = LaunchScreen;
				INFOPLIST_KEY_UIMainStoryboardFile = Main;
				INFOPLIST_KEY_UISupportedInterfaceOrientations_iPad = "UIInterfaceOrientationPortrait UIInterfaceOrientationPortraitUpsideDown UIInterfaceOrientationLandscapeLeft UIInterfaceOrientationLandscapeRight";
				INFOPLIST_KEY_UISupportedInterfaceOrientations_iPhone = "UIInterfaceOrientationPortrait UIInterfaceOrientationLandscapeLeft UIInterfaceOrientationLandscapeRight";
				LD_RUNPATH_SEARCH_PATHS = (
					"$(inherited)",
					"@executable_path/Frameworks",
				);
				MARKETING_VERSION = 1.0;
				PRODUCT_BUNDLE_IDENTIFIER = "Alura.eggplant-brownie";
				PRODUCT_NAME = "$(TARGET_NAME)";
				SWIFT_EMIT_LOC_STRINGS = YES;
				SWIFT_VERSION = 5.0;
				TARGETED_DEVICE_FAMILY = "1,2";
			};
			name = Release;
		};
/* End XCBuildConfiguration section */

/* Begin XCConfigurationList section */
		A370D53E280BBDC800EDAEFE /* Build configuration list for PBXProject "eggplant-brownie" */ = {
			isa = XCConfigurationList;
			buildConfigurations = (
				A370D555280BBDC900EDAEFE /* Debug */,
				A370D556280BBDC900EDAEFE /* Release */,
			);
			defaultConfigurationIsVisible = 0;
			defaultConfigurationName = Release;
		};
		A370D557280BBDC900EDAEFE /* Build configuration list for PBXNativeTarget "eggplant-brownie" */ = {
			isa = XCConfigurationList;
			buildConfigurations = (
				A370D558280BBDC900EDAEFE /* Debug */,
				A370D559280BBDC900EDAEFE /* Release */,
			);
			defaultConfigurationIsVisible = 0;
			defaultConfigurationName = Release;
		};
/* End XCConfigurationList section */
	};
	rootObject = A370D53B280BBDC800EDAEFE /* Project object */;
}
